{
  "version": 4,
  "terraform_version": "1.15.1",
  "serial": 5,
  "lineage": "5fa46424-482e-d064-64dc-4dc601c07023",
  "outputs": {
    "ca_policy_admin_portals_id": {
      "value": "97bca135-b351-4c48-9cec-4871e071d976",
      "type": "string"
    },
    "ca_policy_block_legacy_id": {
      "value": "2e250892-92b7-424e-83b6-ac1c60013bcd",
      "type": "string"
    },
    "ca_policy_block_risky_id": {
      "value": "ba825116-b9bb-4b4b-826e-0a3ed6826f80",
      "type": "string"
    },
    "ca_policy_mfa_all_users_id": {
      "value": "d7ea64e7-d7e1-4ae8-b1c1-ef0dc7aa2ee0",
      "type": "string"
    }
  },
  "resources": [
    {
      "mode": "data",
      "type": "azuread_group",
      "name": "break_glass",
      "provider": "provider[\"registry.terraform.io/hashicorp/azuread\"]",
      "instances": [
        {
          "schema_version": 0,
          "attributes": {
            "assignable_to_role": false,
            "auto_subscribe_new_members": false,
            "behaviors": [],
            "description": "Break-glass emergency access accounts",
            "display_name": "GRP-SEC-BreakGlass",
            "dynamic_membership": [],
            "external_senders_allowed": false,
            "hide_from_address_lists": false,
            "hide_from_outlook_clients": false,
            "id": "52a046dc-23d2-4ad6-b188-da335328e2db",
            "include_transitive_members": false,
            "mail": "",
            "mail_enabled": false,
            "mail_nickname": "GRP-SEC-BreakGlass",
            "members": [
              "2ad6a420-6116-4f56-a61e-71b546e94df9",
              "9515c41d-1f8b-4431-bd2f-52474d8fef95",
              "dc72d637-2ddc-4f21-b22c-93b2447cedd2"
            ],
            "object_id": "52a046dc-23d2-4ad6-b188-da335328e2db",
            "onpremises_domain_name": "ad.idsentinelsolutions.com",
            "onpremises_group_type": "",
            "onpremises_netbios_name": "AD",
            "onpremises_sam_account_name": "GRP-SEC-BreakGlass",
            "onpremises_security_identifier": "S-1-5-21-503192659-129082428-198519564-2226",
            "onpremises_sync_enabled": true,
            "owners": [],
            "preferred_language": "",
            "provisioning_options": [],
            "proxy_addresses": [],
            "security_enabled": true,
            "theme": "",
            "timeouts": null,
            "types": [],
            "visibility": "",
            "writeback_enabled": false
          },
          "sensitive_attributes": [],
          "identity_schema_version": 0
        }
      ]
    },
    {
      "mode": "data",
      "type": "azuread_group",
      "name": "legacy_auth_exempt",
      "provider": "provider[\"registry.terraform.io/hashicorp/azuread\"]",
      "instances": [
        {
          "schema_version": 0,
          "attributes": {
            "assignable_to_role": false,
            "auto_subscribe_new_members": false,
            "behaviors": [],
            "description": "Temporary legacy auth exemption during migration",
            "display_name": "GRP-SEC-LegacyAuthExempt",
            "dynamic_membership": [],
            "external_senders_allowed": false,
            "hide_from_address_lists": false,
            "hide_from_outlook_clients": false,
            "id": "327ed552-559a-4379-9cdc-9ec5aec531d0",
            "include_transitive_members": false,
            "mail": "",
            "mail_enabled": false,
            "mail_nickname": "GRP-SEC-LegacyAuthExempt",
            "members": [],
            "object_id": "327ed552-559a-4379-9cdc-9ec5aec531d0",
            "onpremises_domain_name": "ad.idsentinelsolutions.com",
            "onpremises_group_type": "",
            "onpremises_netbios_name": "AD",
            "onpremises_sam_account_name": "GRP-SEC-LegacyAuthExempt",
            "onpremises_security_identifier": "S-1-5-21-503192659-129082428-198519564-2227",
            "onpremises_sync_enabled": true,
            "owners": [],
            "preferred_language": "",
            "provisioning_options": [],
            "proxy_addresses": [],
            "security_enabled": true,
            "theme": "",
            "timeouts": null,
            "types": [],
            "visibility": "",
            "writeback_enabled": false
          },
          "sensitive_attributes": [],
          "identity_schema_version": 0
        }
      ]
    },
    {
      "mode": "data",
      "type": "azuread_group",
      "name": "privileged_users",
      "provider": "provider[\"registry.terraform.io/hashicorp/azuread\"]",
      "instances": [
        {
          "schema_version": 0,
          "attributes": {
            "assignable_to_role": false,
            "auto_subscribe_new_members": false,
            "behaviors": [],
            "description": "Users with privileged access - subject to PIM",
            "display_name": "GRP-SEC-PrivilegedUsers",
            "dynamic_membership": [],
            "external_senders_allowed": false,
            "hide_from_address_lists": false,
            "hide_from_outlook_clients": false,
            "id": "9fa8b01b-c173-4879-bd90-aaca1c152745",
            "include_transitive_members": false,
            "mail": "",
            "mail_enabled": false,
            "mail_nickname": "GRP-SEC-PrivilegedUsers",
            "members": [
              "2f2ee011-0374-474d-8a32-a4945a1fea6c",
              "e4473ad7-7701-42b3-878f-bf8d850e6a48",
              "17396236-957c-4dfc-be2d-197efe342cb9",
              "796cc646-7823-4900-87a3-239b7dda1feb",
              "69d46243-f174-4e72-8df5-929fa3f53494",
              "42f03c8c-0f2f-441a-94de-84e105cdcd05",
              "2ad6a420-6116-4f56-a61e-71b546e94df9",
              "1f2ca1d5-245a-4567-b60b-f06bc78bc2aa",
              "9fe1796f-b466-434b-8157-b9e47c655092",
              "a427e1b3-3d83-4f27-b9ef-3b7f15d5bddd",
              "6d33b489-dd5c-419e-9119-95427a8ffeec",
              "382155a6-468e-4af4-a16c-525d5b3618cf",
              "718ca539-5255-48fe-b46a-f33fbd791348",
              "af001e61-2472-45c9-9f96-701f1257f147",
              "be397198-a3bf-4467-ae52-181de344c7f1",
              "e0afdf77-20bd-460d-8513-0f23e7c0e377",
              "c9d6398d-19fe-46b7-940b-fe1cec060981",
              "2a6c638e-9882-4e64-aa57-c79ee0631b57",
              "d86c04f0-ff00-49f5-b955-3be9d9ab7a9b",
              "5c387a36-498d-4773-9dcb-5150c7da5de5",
              "08a3951d-d62e-4e2d-8b21-70f355310946",
              "c3238268-93e0-4d1b-9926-60ed67b911e2",
              "5ae12848-0344-4580-863c-a9952a7ac2c1",
              "cc7675e3-0d1f-48d5-b444-708b674a414f",
              "755b3ba1-7270-4cd5-a0b1-426875447531",
              "31a89f50-6069-4356-acb2-5d8835c09d5b",
              "d332a089-e41a-4658-bd9f-a69db92c9b58",
              "71ddb5b4-e99f-4988-8915-a4e0e8e9184c",
              "c1f3f320-cab4-48a2-9b94-3dfcfcc75f8b",
              "1cf7e0e5-f8a3-493a-b231-6f1b43088adf",
              "d36a0703-75c4-4e66-9d45-47a5bbace687",
              "4c46c05a-334a-4bbb-a048-168128eb8b31",
              "5b2aaa40-8b6f-4dbd-978c-e72b7f68d369",
              "b8d95ed3-052e-45f9-8fc1-4240d3bf569d",
              "a0b481b8-dd6d-4ccd-a5db-68119217296a",
              "eba01a18-9adb-43b9-b57e-95adec134df1",
              "5d55b9ff-e95d-4f78-b403-29177766c4de",
              "b9414772-93ba-4ce9-aa89-a88d2e3d8ab1",
              "3009a0f5-1695-4734-b17b-254fb9193966",
              "b0550435-ca47-48a5-9b77-7873c01aacce",
              "04957f03-9b62-44e5-824c-6fdee33c277c",
              "0f5fb111-0a65-499c-9ecd-123d13592f35",
              "3c2fae4c-7c9a-48d2-8c7c-ec78476fcdc5",
              "1f466e9d-12da-47d6-a172-7424287c76eb",
              "2e08125d-c63f-431c-8d1b-7f9c223ca575",
              "ab3e2f54-f88e-4f2b-8c46-59634f847d39",
              "7754a803-b66c-4918-8b8d-6f294835fc17",
              "734c9020-505a-45f5-bccb-8ea817ce3399",
              "3c149f96-55bb-4988-a469-80ab0c56ed88",
              "3422b720-a997-4bfb-802d-e1a87b13ab33",
              "13084b13-ee42-4558-b1cc-d02233b1493d",
              "e21058aa-4e83-4483-95b3-1e57c3d62a6c",
              "50452ab6-e2c9-40fa-a115-42912e274a57",
              "7e7968b7-f04f-443f-aacc-4024bc959cf2",
              "992caf16-a8b8-4e97-838f-4444eafb2122",
              "78f6e1dd-fac5-4284-ae3b-b7646f01fd74",
              "a428b47b-3210-4f3d-912e-b76d4cefc57f",
              "046ca420-927e-4cd0-86d9-6f150ed32e26",
              "61115ff4-42a9-4310-b085-c226c859b992",
              "fb228d7b-781a-4ba9-9a54-7ddf27b5be72",
              "973db69f-ec2d-4b34-a66a-0913489c5268",
              "2daf6c7b-e777-4ec7-a68f-deae350192e9",
              "b06d2c62-4d9c-4e8e-a159-8a3281039b2c",
              "e3ffd73e-2d32-4ef8-91d0-fcb7efb3489b",
              "c7512227-46a8-40d4-a997-23731a2b847a",
              "48ca2228-88dd-4202-a552-137a4f94de8a",
              "03fe663a-55a1-4b24-8b3c-df6eb75e72fe",
              "367908e6-7a9e-4213-8e50-a6fa7ad6d45f",
              "da95a492-13f0-4dfe-9471-5283d37c35d7",
              "23c83df0-d590-4f47-b7d8-9b41a283ddf8",
              "cfaa2e55-efd6-43c7-b9ff-b7daf0c557bb",
              "69647d90-b8ba-409f-9474-f82b881f8143",
              "74ea72bc-b0c2-4bd9-90c1-58d9431d1493",
              "65651d7f-7342-456f-882e-b6ed85ac3128",
              "fd1fa04d-7486-487b-8048-692967f7f2ed",
              "71c0466d-0c2d-43e4-acda-3fa93dca7297",
              "7da3044c-ba9b-4a7a-9ab2-b5ec96eb031e",
              "b63738c3-0e75-4c44-96ff-283bac032033",
              "08358e4f-e648-4523-b2a9-8ec7de035821",
              "c3b75172-d634-4350-9363-61abffd88837",
              "2c14ff6a-4ccc-4f1d-bb4b-7836cb76746f",
              "250de0c4-2e9b-4a9c-ae5b-a6649b836b4d",
              "f9ad6eb6-97e1-4ba7-a783-8f71341c7271",
              "e0a20359-3895-4d46-a6d8-9d47a97d3211",
              "755e2732-0a98-404a-9bf5-e98be8f88bf5",
              "8861a222-70fb-4f47-8ea1-97d6f596dd4a",
              "9e11afd4-2161-4005-9dbc-3cabbd09b642",
              "4a9d22d4-304b-4180-97a7-b967b82f22ce",
              "43b5b5ba-7d6f-4ea5-a21f-bdda8c1c14be",
              "6c6361bf-c18a-4ba4-9042-db629d166742",
              "40ec484b-a79d-44b2-9cde-6ed2594ed02d",
              "b5ba55de-56c4-495b-a75d-c30565681577",
              "c1748f13-894e-490a-b3bf-ee541f442715",
              "a1776cb9-0f32-4481-bef2-04819a0f3187",
              "d1d02163-c70b-44dd-b89f-420fd8e66806",
              "b3329ed1-b11d-4c10-8d97-51e1a967bc5c",
              "4ac4b2bb-def9-49be-b78f-ad3cefcfc8a8",
              "888aee7a-122d-4d0b-86b5-44c0005d1ca2",
              "76e66ef2-d07e-4f1f-b714-674179660dce",
              "b96f8e82-cf22-49a9-9cb1-7bc0cc025db0",
              "5fd5bd96-7c97-41da-9d70-51713c5207df",
              "1351a67c-e267-4892-bd1b-1c6461cdb69d",
              "ea43ef6d-894b-44be-85f0-f47645c1763c",
              "951f9dca-1cb3-4487-b2fe-a9d53ec30317",
              "88590cdd-e8e7-4ffe-9703-77c1b915188b",
              "c353f735-3a96-42b8-ae0a-be168ebfd12e",
              "131fea05-1a56-460b-8024-5961611c2905",
              "23438701-4fde-4cf4-a843-bf52289a9cab",
              "3b051c46-a365-4722-9a6b-a232369213d8",
              "3c9fab9a-5996-4012-b1d9-e359284691e7",
              "95801d03-848b-4f88-a5a3-de2d3ce3052b",
              "858f25bb-8d70-44ab-ab3e-85fcb264353a",
              "6c9d48e6-b86d-4cca-b360-deb810702152",
              "cbd812bf-9590-4e22-b5dc-f73b4da3b93c",
              "5b0c10d8-b70e-451a-af8a-a5c53560f81c",
              "83175b9b-56dd-485f-bb05-5a471790f082",
              "afab5bf4-331a-4d4a-adf7-9921dca63a55",
              "daf5dd39-366b-4ad3-b0c1-212593c608ba",
              "5143783b-047b-468f-a1ae-ed2fab3ca4ba",
              "213c9a54-b79d-4e92-9fa1-6021dc8e8b11",
              "0a537edb-b6b4-45b0-86ce-e0ea53e00af6",
              "7d7c1b72-3793-4244-9572-2107cc513bf4",
              "a7594eb3-e24e-43b0-9390-db6861fc6cb5",
              "0dd47054-d77e-4a51-9af4-8922658c8a4b",
              "84594c8f-1aee-4e14-b1dc-008c951aae14",
              "bd82f60a-1d1a-44aa-bd34-cac8a52f2b4e",
              "5196eabc-3196-4d66-ba61-ae4570f8bbab",
              "fe57cb3c-d8aa-4c6c-82c2-b3a01acffb6a",
              "1d8e6458-583f-4b0f-850a-91d370da4b8a",
              "3c913953-26ba-43b4-a675-501d05321f50",
              "733446cf-6c82-4794-ba9c-391470b57d48",
              "85d3db69-c196-4eb8-a93a-50d5488a8cc9",
              "287d4e58-3883-4ef6-8209-b8ee59d5b684",
              "8a0ae27b-c1f2-4f96-81d6-eaf727ab13e2",
              "fdd488f7-269b-40d6-9777-e3c49d07de0b",
              "c97f0803-b912-489c-a346-3999e88803d6",
              "4bb9f864-65b9-45d9-9434-d688dfc9d06f",
              "d241b9a7-1bee-4fcd-a5ed-79d91479bbf5",
              "acd71be8-fcaa-4c74-a6ab-15135a0cd51b",
              "2622f7e5-09a7-4548-91db-6afdb861c161",
              "9612dfae-3d4b-4fb2-9ac9-a7d871e10ffe",
              "ddc66106-fd6c-4a83-87e6-60df84dc7e5d",
              "7f934ba2-eb7a-436f-8f45-af59896d60b9",
              "6fc7ac48-cf6d-4ccb-86e1-75d1dfe455dd",
              "fc06a30d-5000-4c0c-bf0e-fac102ee71a3",
              "4a34cecb-c5d3-49c1-b4cc-c03c38c420af",
              "c897ae1b-09b0-4a6e-a57f-3d465cd68b96",
              "5b4108a8-38f3-4382-a6f2-3908470de451",
              "d406fd6c-8650-41bf-a6d0-80ae67152034",
              "4ea36bae-1105-4316-b82d-208a244b115b",
              "222959f7-9f2f-4b55-9e07-ca4a4bd71bb0",
              "fc60a0fe-d188-44bd-90dd-48dd706251ce",
              "1be3c882-4d8e-4aee-912e-e444945055e2",
              "0f597379-f5cb-4a4f-84c2-b4aa55cec88a",
              "6e6e519f-093c-4357-b37b-be73aaa495fe",
              "b87b6ffb-8761-4525-96d3-ce5496b04478",
              "2c756322-81d8-4fa4-8f0f-881452fcd12d",
              "15ac9b0c-70ff-40f5-9c73-d02e3a2c5c5a",
              "d6012be0-e92b-49b3-9ae1-15ba29f1e868",
              "4883480a-e01b-4441-893f-a2822878df68",
              "11ed6ad4-a7f9-47c8-98d5-ae6d923be12c",
              "cc0b1023-5227-49bb-9468-b1b3d1cc7075",
              "966d3f34-69d6-43c9-9d3f-147d2a102fd3",
              "fd3db4f9-0c35-4ea7-b3e5-9182e7415f53",
              "c91cb121-661e-4749-a0ea-ce0d09a13553",
              "15758b16-1e95-499a-97e0-34ca175bf7d2",
              "86fc02a1-6600-4163-a0b2-8230cdc0bf2d",
              "14037f09-c9f9-4684-8639-fdbae2beda3f",
              "a0f10677-9a98-4afe-b47f-e083c99fbc10",
              "829909bc-0ada-403d-becf-626a840e1679",
              "5cfb81af-437a-4e0e-bfe5-64c0ad9a404d",
              "d4f521aa-d998-4aaf-ab45-79bde5656767",
              "9c4335cd-0482-4982-8a98-ea5e496bb854",
              "15549ae0-173b-4120-b420-554ab5c18089",
              "58ba9725-5089-4434-8911-2899aca96b73",
              "7ad5e6d3-dc89-4110-bd29-3445ecbe4bc5",
              "58543a2c-b5e7-480e-91e2-e58964b45b32",
              "2bf54e69-40c0-4ddc-ae32-391ac03d319b",
              "24faa14a-c29b-4d1b-84f5-37c8af566fe2",
              "d02fbc1c-90f6-4faf-8d54-c01f5a735f64",
              "3fb6a85b-fda9-435b-8910-3af2be5f36cc",
              "ad0648ff-e25b-41af-8894-047cd68fcdd2",
              "deadb88d-45b0-466a-a0ac-6fd796db7bc1",
              "e53de832-d0ce-479e-aca1-ccf1bb02e659",
              "ae9451bf-72ea-4f05-b238-5425e0e7105e",
              "3c2d0ae4-cc12-4581-84ab-bbdc04159420",
              "ef6967ea-0f18-466d-9cf0-9d096baf9582",
              "e3cb6b2f-fc99-4eb3-80d3-38b315a2c3e5"
            ],
            "object_id": "9fa8b01b-c173-4879-bd90-aaca1c152745",
            "onpremises_domain_name": "ad.idsentinelsolutions.com",
            "onpremises_group_type": "",
            "onpremises_netbios_name": "AD",
            "onpremises_sam_account_name": "GRP-SEC-PrivilegedUsers",
            "onpremises_security_identifier": "S-1-5-21-503192659-129082428-198519564-2225",
            "onpremises_sync_enabled": true,
            "owners": [],
            "preferred_language": "",
            "provisioning_options": [],
            "proxy_addresses": [],
            "security_enabled": true,
            "theme": "",
            "timeouts": null,
            "types": [],
            "visibility": "",
            "writeback_enabled": false
          },
          "sensitive_attributes": [],
          "identity_schema_version": 0
        }
      ]
    },
    {
      "mode": "managed",
      "type": "azuread_conditional_access_policy",
      "name": "block_legacy_auth",
      "provider": "provider[\"registry.terraform.io/hashicorp/azuread\"]",
      "instances": [
        {
          "schema_version": 0,
          "attributes": {
            "conditions": [
              {
                "applications": [
                  {
                    "excluded_applications": null,
                    "included_applications": [
                      "All"
                    ],
                    "included_user_actions": null
                  }
                ],
                "client_app_types": [
                  "exchangeActiveSync",
                  "other"
                ],
                "client_applications": [],
                "devices": [],
                "locations": [],
                "platforms": [],
                "service_principal_risk_levels": null,
                "sign_in_risk_levels": null,
                "user_risk_levels": null,
                "users": [
                  {
                    "excluded_groups": [
                      "52a046dc-23d2-4ad6-b188-da335328e2db",
                      "327ed552-559a-4379-9cdc-9ec5aec531d0"
                    ],
                    "excluded_guests_or_external_users": [],
                    "excluded_roles": null,
                    "excluded_users": null,
                    "included_groups": null,
                    "included_guests_or_external_users": [],
                    "included_roles": null,
                    "included_users": [
                      "All"
                    ]
                  }
                ]
              }
            ],
            "display_name": "Block Legacy Authentication [Terraform]",
            "grant_controls": [
              {
                "authentication_strength_policy_id": "",
                "built_in_controls": [
                  "block"
                ],
                "custom_authentication_factors": null,
                "operator": "OR",
                "terms_of_use": null
              }
            ],
            "id": "2e250892-92b7-424e-83b6-ac1c60013bcd",
            "session_controls": [],
            "state": "enabled",
            "timeouts": null
          },
          "sensitive_attributes": [],
          "identity_schema_version": 0,
          "private": "eyJlMmJmYjczMC1lY2FhLTExZTYtOGY4OC0zNDM2M2JjN2M0YzAiOnsiY3JlYXRlIjozMDAwMDAwMDAwMDAsImRlbGV0ZSI6MzAwMDAwMDAwMDAwLCJyZWFkIjozMDAwMDAwMDAwMDAsInVwZGF0ZSI6OTAwMDAwMDAwMDAwfX0=",
          "dependencies": [
            "data.azuread_group.break_glass",
            "data.azuread_group.legacy_auth_exempt"
          ]
        }
      ]
    },
    {
      "mode": "managed",
      "type": "azuread_conditional_access_policy",
      "name": "block_risky_signins",
      "provider": "provider[\"registry.terraform.io/hashicorp/azuread\"]",
      "instances": [
        {
          "schema_version": 0,
          "attributes": {
            "conditions": [
              {
                "applications": [
                  {
                    "excluded_applications": null,
                    "included_applications": [
                      "All"
                    ],
                    "included_user_actions": null
                  }
                ],
                "client_app_types": [
                  "all"
                ],
                "client_applications": [],
                "devices": [],
                "locations": [],
                "platforms": [],
                "service_principal_risk_levels": null,
                "sign_in_risk_levels": [
                  "high"
                ],
                "user_risk_levels": null,
                "users": [
                  {
                    "excluded_groups": [
                      "52a046dc-23d2-4ad6-b188-da335328e2db"
                    ],
                    "excluded_guests_or_external_users": [],
                    "excluded_roles": null,
                    "excluded_users": null,
                    "included_groups": null,
                    "included_guests_or_external_users": [],
                    "included_roles": null,
                    "included_users": [
                      "All"
                    ]
                  }
                ]
              }
            ],
            "display_name": "Block High Risk Sign-ins [Terraform]",
            "grant_controls": [
              {
                "authentication_strength_policy_id": "",
                "built_in_controls": [
                  "block"
                ],
                "custom_authentication_factors": null,
                "operator": "OR",
                "terms_of_use": null
              }
            ],
            "id": "ba825116-b9bb-4b4b-826e-0a3ed6826f80",
            "session_controls": [],
            "state": "enabled",
            "timeouts": null
          },
          "sensitive_attributes": [],
          "identity_schema_version": 0,
          "private": "eyJlMmJmYjczMC1lY2FhLTExZTYtOGY4OC0zNDM2M2JjN2M0YzAiOnsiY3JlYXRlIjozMDAwMDAwMDAwMDAsImRlbGV0ZSI6MzAwMDAwMDAwMDAwLCJyZWFkIjozMDAwMDAwMDAwMDAsInVwZGF0ZSI6OTAwMDAwMDAwMDAwfX0=",
          "dependencies": [
            "data.azuread_group.break_glass"
          ]
        }
      ]
    },
    {
      "mode": "managed",
      "type": "azuread_conditional_access_policy",
      "name": "mfa_all_users",
      "provider": "provider[\"registry.terraform.io/hashicorp/azuread\"]",
      "instances": [
        {
          "schema_version": 0,
          "attributes": {
            "conditions": [
              {
                "applications": [
                  {
                    "excluded_applications": null,
                    "included_applications": [
                      "All"
                    ],
                    "included_user_actions": null
                  }
                ],
                "client_app_types": [
                  "all"
                ],
                "client_applications": [],
                "devices": [],
                "locations": [],
                "platforms": [],
                "service_principal_risk_levels": null,
                "sign_in_risk_levels": null,
                "user_risk_levels": null,
                "users": [
                  {
                    "excluded_groups": [
                      "52a046dc-23d2-4ad6-b188-da335328e2db"
                    ],
                    "excluded_guests_or_external_users": [],
                    "excluded_roles": null,
                    "excluded_users": null,
                    "included_groups": null,
                    "included_guests_or_external_users": [],
                    "included_roles": null,
                    "included_users": [
                      "All"
                    ]
                  }
                ]
              }
            ],
            "display_name": "Require MFA - All Users [Terraform]",
            "grant_controls": [
              {
                "authentication_strength_policy_id": "",
                "built_in_controls": [
                  "mfa"
                ],
                "custom_authentication_factors": null,
                "operator": "OR",
                "terms_of_use": null
              }
            ],
            "id": "d7ea64e7-d7e1-4ae8-b1c1-ef0dc7aa2ee0",
            "session_controls": [],
            "state": "enabledForReportingButNotEnforced",
            "timeouts": null
          },
          "sensitive_attributes": [],
          "identity_schema_version": 0,
          "private": "eyJlMmJmYjczMC1lY2FhLTExZTYtOGY4OC0zNDM2M2JjN2M0YzAiOnsiY3JlYXRlIjozMDAwMDAwMDAwMDAsImRlbGV0ZSI6MzAwMDAwMDAwMDAwLCJyZWFkIjozMDAwMDAwMDAwMDAsInVwZGF0ZSI6OTAwMDAwMDAwMDAwfX0=",
          "dependencies": [
            "data.azuread_group.break_glass"
          ]
        }
      ]
    },
    {
      "mode": "managed",
      "type": "azuread_conditional_access_policy",
      "name": "restrict_admin_portals",
      "provider": "provider[\"registry.terraform.io/hashicorp/azuread\"]",
      "instances": [
        {
          "schema_version": 0,
          "attributes": {
            "conditions": [
              {
                "applications": [
                  {
                    "excluded_applications": null,
                    "included_applications": [
                      "MicrosoftAdminPortals"
                    ],
                    "included_user_actions": null
                  }
                ],
                "client_app_types": [
                  "all"
                ],
                "client_applications": [],
                "devices": [],
                "locations": [],
                "platforms": [],
                "service_principal_risk_levels": null,
                "sign_in_risk_levels": null,
                "user_risk_levels": null,
                "users": [
                  {
                    "excluded_groups": [
                      "52a046dc-23d2-4ad6-b188-da335328e2db",
                      "9fa8b01b-c173-4879-bd90-aaca1c152745"
                    ],
                    "excluded_guests_or_external_users": [],
                    "excluded_roles": null,
                    "excluded_users": null,
                    "included_groups": null,
                    "included_guests_or_external_users": [],
                    "included_roles": null,
                    "included_users": [
                      "All"
                    ]
                  }
                ]
              }
            ],
            "display_name": "Restrict Admin Portal Access [Terraform]",
            "grant_controls": [
              {
                "authentication_strength_policy_id": "",
                "built_in_controls": [
                  "block"
                ],
                "custom_authentication_factors": null,
                "operator": "OR",
                "terms_of_use": null
              }
            ],
            "id": "97bca135-b351-4c48-9cec-4871e071d976",
            "session_controls": [],
            "state": "enabled",
            "timeouts": null
          },
          "sensitive_attributes": [],
          "identity_schema_version": 0,
          "private": "eyJlMmJmYjczMC1lY2FhLTExZTYtOGY4OC0zNDM2M2JjN2M0YzAiOnsiY3JlYXRlIjozMDAwMDAwMDAwMDAsImRlbGV0ZSI6MzAwMDAwMDAwMDAwLCJyZWFkIjozMDAwMDAwMDAwMDAsInVwZGF0ZSI6OTAwMDAwMDAwMDAwfX0=",
          "dependencies": [
            "data.azuread_group.break_glass",
            "data.azuread_group.privileged_users"
          ]
        }
      ]
    }
  ],
  "check_results": null
}
